{
  "object": {
    "pins": [
      {
        "package": "TwitterCounter",
        "repositoryURL": "https://github.com/youssefes/TwitterCounter",
        "state": {
          "branch": "main",
          "revision": "ed867abb3958cf44669f55a6b938fe99029e0ebf",
          "version": null
        }
      }
    ]
  },
  "version": 1
}
